
Microsoft Visual Studio Solution File, Format Version 12.00
# Visual Studio Version 17
VisualStudioVersion = 17.3.32825.248
MinimumVisualStudioVersion = 10.0.40219.1
Project("{9A19103F-16F7-4668-BE54-9A1E7A4F7556}") = "Milgot.API", "sari\Milgot.API.csproj", "{F28CD8E5-5A4F-44FB-B14F-187B20F42D08}"
EndProject
Project("{9A19103F-16F7-4668-BE54-9A1E7A4F7556}") = "Milgot.Repositories", "sari.Repositories\Milgot.Repositories.csproj", "{BB404073-DE25-4044-8A80-09D856E3873F}"
EndProject
Project("{9A19103F-16F7-4668-BE54-9A1E7A4F7556}") = "Milgot.common", "Courses.common\Milgot.common.csproj", "{FF660767-722F-4A78-B530-C3D42DD9EABE}"
EndProject
Project("{9A19103F-16F7-4668-BE54-9A1E7A4F7556}") = "Milgot.Context", "Courses.Context\Milgot.Context.csproj", "{137299E0-1B20-481A-9A79-088863BD2415}"
EndProject
Project("{9A19103F-16F7-4668-BE54-9A1E7A4F7556}") = "Milgot.Services", "Courses.Services\Milgot.Services.csproj", "{3D633026-C75C-4FAB-9EC1-5AFB37214556}"
EndProject
Global
	GlobalSection(SolutionConfigurationPlatforms) = preSolution
		Debug|Any CPU = Debug|Any CPU
		Release|Any CPU = Release|Any CPU
	EndGlobalSection
	GlobalSection(ProjectConfigurationPlatforms) = postSolution
		{F28CD8E5-5A4F-44FB-B14F-187B20F42D08}.Debug|Any CPU.ActiveCfg = Debug|Any CPU
		{F28CD8E5-5A4F-44FB-B14F-187B20F42D08}.Debug|Any CPU.Build.0 = Debug|Any CPU
		{F28CD8E5-5A4F-44FB-B14F-187B20F42D08}.Release|Any CPU.ActiveCfg = Release|Any CPU
		{F28CD8E5-5A4F-44FB-B14F-187B20F42D08}.Release|Any CPU.Build.0 = Release|Any CPU
		{BB404073-DE25-4044-8A80-09D856E3873F}.Debug|Any CPU.ActiveCfg = Debug|Any CPU
		{BB404073-DE25-4044-8A80-09D856E3873F}.Debug|Any CPU.Build.0 = Debug|Any CPU
		{BB404073-DE25-4044-8A80-09D856E3873F}.Release|Any CPU.ActiveCfg = Release|Any CPU
		{BB404073-DE25-4044-8A80-09D856E3873F}.Release|Any CPU.Build.0 = Release|Any CPU
		{FF660767-722F-4A78-B530-C3D42DD9EABE}.Debug|Any CPU.ActiveCfg = Debug|Any CPU
		{FF660767-722F-4A78-B530-C3D42DD9EABE}.Debug|Any CPU.Build.0 = Debug|Any CPU
		{FF660767-722F-4A78-B530-C3D42DD9EABE}.Release|Any CPU.ActiveCfg = Release|Any CPU
		{FF660767-722F-4A78-B530-C3D42DD9EABE}.Release|Any CPU.Build.0 = Release|Any CPU
		{137299E0-1B20-481A-9A79-088863BD2415}.Debug|Any CPU.ActiveCfg = Debug|Any CPU
		{137299E0-1B20-481A-9A79-088863BD2415}.Debug|Any CPU.Build.0 = Debug|Any CPU
		{137299E0-1B20-481A-9A79-088863BD2415}.Release|Any CPU.ActiveCfg = Release|Any CPU
		{137299E0-1B20-481A-9A79-088863BD2415}.Release|Any CPU.Build.0 = Release|Any CPU
		{3D633026-C75C-4FAB-9EC1-5AFB37214556}.Debug|Any CPU.ActiveCfg = Debug|Any CPU
		{3D633026-C75C-4FAB-9EC1-5AFB37214556}.Debug|Any CPU.Build.0 = Debug|Any CPU
		{3D633026-C75C-4FAB-9EC1-5AFB37214556}.Release|Any CPU.ActiveCfg = Release|Any CPU
		{3D633026-C75C-4FAB-9EC1-5AFB37214556}.Release|Any CPU.Build.0 = Release|Any CPU
	EndGlobalSection
	GlobalSection(SolutionProperties) = preSolution
		HideSolutionNode = FALSE
	EndGlobalSection
	GlobalSection(ExtensibilityGlobals) = postSolution
		SolutionGuid = {9CFB22C6-0325-4ACB-8252-720F81D4B8CB}
	EndGlobalSection
EndGlobal
